{
  "name": "hello-next",
  "version": "1.0.0",
  "lockfileVersion": 1,
  "requires": true,
  "dependencies": {
    "@next/env": {
      "version": "12.1.0",
      "resolved": "https://registry.npmjs.org/@next/env/-/env-12.1.0.tgz",
      "integrity": "sha512-nrIgY6t17FQ9xxwH3jj0a6EOiQ/WDHUos35Hghtr+SWN/ntHIQ7UpuvSi0vaLzZVHQWaDupKI+liO5vANcDeTQ=="
    },
    "@next/swc-android-arm64": {
      "version": "12.1.0",
      "resolved": "https://registry.npmjs.org/@next/swc-android-arm64/-/swc-android-arm64-12.1.0.tgz",
      "integrity": "sha512-/280MLdZe0W03stA69iL+v6I+J1ascrQ6FrXBlXGCsGzrfMaGr7fskMa0T5AhQIVQD4nA/46QQWxG//DYuFBcA==",
      "optional": true
    },
    "@next/swc-darwin-arm64": {
      "version": "12.1.0",
      "resolved": "https://registry.npmjs.org/@next/swc-darwin-arm64/-/swc-darwin-arm64-12.1.0.tgz",
      "integrity": "sha512-R8vcXE2/iONJ1Unf5Ptqjk6LRW3bggH+8drNkkzH4FLEQkHtELhvcmJwkXcuipyQCsIakldAXhRbZmm3YN1vXg==",
      "optional": true
    },
    "@next/swc-darwin-x64": {
      "version": "12.1.0",
      "resolved": "https://registry.npmjs.org/@next/swc-darwin-x64/-/swc-darwin-x64-12.1.0.tgz",
      "integrity": "sha512-ieAz0/J0PhmbZBB8+EA/JGdhRHBogF8BWaeqR7hwveb6SYEIJaDNQy0I+ZN8gF8hLj63bEDxJAs/cEhdnTq+ug==",
      "optional": true
    },
    "@next/swc-linux-arm-gnueabihf": {
      "version": "12.1.0",
      "resolved": "https://registry.npmjs.org/@next/swc-linux-arm-gnueabihf/-/swc-linux-arm-gnueabihf-12.1.0.tgz",
      "integrity": "sha512-njUd9hpl6o6A5d08dC0cKAgXKCzm5fFtgGe6i0eko8IAdtAPbtHxtpre3VeSxdZvuGFh+hb0REySQP9T1ttkog==",
      "optional": true
    },
    "@next/swc-linux-arm64-gnu": {
      "version": "12.1.0",
      "resolved": "https://registry.npmjs.org/@next/swc-linux-arm64-gnu/-/swc-linux-arm64-gnu-12.1.0.tgz",
      "integrity": "sha512-OqangJLkRxVxMhDtcb7Qn1xjzFA3s50EIxY7mljbSCLybU+sByPaWAHY4px97ieOlr2y4S0xdPKkQ3BCAwyo6Q==",
      "optional": true
    },
    "@next/swc-linux-arm64-musl": {
      "version": "12.1.0",
      "resolved": "https://registry.npmjs.org/@next/swc-linux-arm64-musl/-/swc-linux-arm64-musl-12.1.0.tgz",
      "integrity": "sha512-hB8cLSt4GdmOpcwRe2UzI5UWn6HHO/vLkr5OTuNvCJ5xGDwpPXelVkYW/0+C3g5axbDW2Tym4S+MQCkkH9QfWA==",
      "optional": true
    },
    "@next/swc-linux-x64-gnu": {
      "version": "12.1.0",
      "resolved": "https://registry.npmjs.org/@next/swc-linux-x64-gnu/-/swc-linux-x64-gnu-12.1.0.tgz",
      "integrity": "sha512-OKO4R/digvrVuweSw/uBM4nSdyzsBV5EwkUeeG4KVpkIZEe64ZwRpnFB65bC6hGwxIBnTv5NMSnJ+0K/WmG78A==",
      "optional": true
    },
    "@next/swc-linux-x64-musl": {
      "version": "12.1.0",
      "resolved": "https://registry.npmjs.org/@next/swc-linux-x64-musl/-/swc-linux-x64-musl-12.1.0.tgz",
      "integrity": "sha512-JohhgAHZvOD3rQY7tlp7NlmvtvYHBYgY0x5ZCecUT6eCCcl9lv6iV3nfu82ErkxNk1H893fqH0FUpznZ/H3pSw==",
      "optional": true
    },
    "@next/swc-win32-arm64-msvc": {
      "version": "12.1.0",
      "resolved": "https://registry.npmjs.org/@next/swc-win32-arm64-msvc/-/swc-win32-arm64-msvc-12.1.0.tgz",
      "integrity": "sha512-T/3gIE6QEfKIJ4dmJk75v9hhNiYZhQYAoYm4iVo1TgcsuaKLFa+zMPh4056AHiG6n9tn2UQ1CFE8EoybEsqsSw==",
      "optional": true
    },
    "@next/swc-win32-ia32-msvc": {
      "version": "12.1.0",
      "resolved": "https://registry.npmjs.org/@next/swc-win32-ia32-msvc/-/swc-win32-ia32-msvc-12.1.0.tgz",
      "integrity": "sha512-iwnKgHJdqhIW19H9PRPM9j55V6RdcOo6rX+5imx832BCWzkDbyomWnlzBfr6ByUYfhohb8QuH4hSGEikpPqI0Q==",
      "optional": true
    },
    "@next/swc-win32-x64-msvc": {
      "version": "12.1.0",
      "resolved": "https://registry.npmjs.org/@next/swc-win32-x64-msvc/-/swc-win32-x64-msvc-12.1.0.tgz",
      "integrity": "sha512-aBvcbMwuanDH4EMrL2TthNJy+4nP59Bimn8egqv6GHMVj0a44cU6Au4PjOhLNqEh9l+IpRGBqMTzec94UdC5xg==",
      "optional": true
    },
    "accepts": {
      "version": "1.3.5",
      "resolved": "http://registry.npm.taobao.org/accepts/download/accepts-1.3.5.tgz",
      "integrity": "sha1-63d99gEXI6OxTopywIBcjoZ0a9I=",
      "requires": {
        "mime-types": "2.1.18",
        "negotiator": "0.6.1"
      }
    },
    "array-flatten": {
      "version": "1.1.1",
      "resolved": "http://registry.npm.taobao.org/array-flatten/download/array-flatten-1.1.1.tgz",
      "integrity": "sha1-ml9pkFGx5wczKPKgCJaLZOopVdI="
    },
    "asap": {
      "version": "2.0.6",
      "resolved": "http://registry.npm.taobao.org/asap/download/asap-2.0.6.tgz",
      "integrity": "sha1-5QNHYR1+aQlDIIu9r+vLwvuGbUY="
    },
    "bail": {
      "version": "1.0.3",
      "resolved": "http://registry.npm.taobao.org/bail/download/bail-1.0.3.tgz",
      "integrity": "sha1-Y8+53brIKbAqMSjNUyJL545sIaM="
    },
    "body-parser": {
      "version": "1.18.2",
      "resolved": "http://registry.npm.taobao.org/body-parser/download/body-parser-1.18.2.tgz",
      "integrity": "sha1-h2eKGdhLR9hZuDGZvVm84iKxBFQ=",
      "requires": {
        "bytes": "3.0.0",
        "content-type": "1.0.4",
        "debug": "2.6.9",
        "depd": "1.1.2",
        "http-errors": "1.6.3",
        "iconv-lite": "0.4.19",
        "on-finished": "2.3.0",
        "qs": "6.5.1",
        "raw-body": "2.3.2",
        "type-is": "1.6.16"
      },
      "dependencies": {
        "http-errors": {
          "version": "1.6.3",
          "resolved": "http://registry.npm.taobao.org/http-errors/download/http-errors-1.6.3.tgz",
          "integrity": "sha1-i1VoC7S+KDoLW/TqLjhYC+HZMg0=",
          "requires": {
            "depd": "1.1.2",
            "inherits": "2.0.3",
            "setprototypeof": "1.1.0",
            "statuses": "1.5.0"
          }
        },
        "iconv-lite": {
          "version": "0.4.19",
          "resolved": "http://registry.npm.taobao.org/iconv-lite/download/iconv-lite-0.4.19.tgz",
          "integrity": "sha1-90aPYBNfXl2tM5nAqBvpoWA6CCs="
        },
        "qs": {
          "version": "6.5.1",
          "resolved": "http://registry.npm.taobao.org/qs/download/qs-6.5.1.tgz",
          "integrity": "sha1-NJzfbu+J7EXBLX1es/wMhwNDptg="
        }
      }
    },
    "bytes": {
      "version": "3.0.0",
      "resolved": "http://registry.npm.taobao.org/bytes/download/bytes-3.0.0.tgz",
      "integrity": "sha1-0ygVQE1olpn4Wk6k+odV3ROpYEg="
    },
    "caniuse-lite": {
      "version": "1.0.30001334",
      "resolved": "https://registry.npmjs.org/caniuse-lite/-/caniuse-lite-1.0.30001334.tgz",
      "integrity": "sha512-kbaCEBRRVSoeNs74sCuq92MJyGrMtjWVfhltoHUCW4t4pXFvGjUBrfo47weBRViHkiV3eBYyIsfl956NtHGazw=="
    },
    "character-entities": {
      "version": "1.2.2",
      "resolved": "http://registry.npm.taobao.org/character-entities/download/character-entities-1.2.2.tgz",
      "integrity": "sha1-WMjzccB3TvC6myrKXwDY8QDm42M="
    },
    "character-entities-legacy": {
      "version": "1.1.2",
      "resolved": "http://registry.npm.taobao.org/character-entities-legacy/download/character-entities-legacy-1.1.2.tgz",
      "integrity": "sha1-fG3vuBZISYIiyYVTCZU9BfTWOpw="
    },
    "character-reference-invalid": {
      "version": "1.1.2",
      "resolved": "http://registry.npm.taobao.org/character-reference-invalid/download/character-reference-invalid-1.1.2.tgz",
      "integrity": "sha1-IeQhrT2EBVlS2rSkOgTnPNQl0+0="
    },
    "collapse-white-space": {
      "version": "1.0.4",
      "resolved": "http://registry.npm.taobao.org/collapse-white-space/download/collapse-white-space-1.0.4.tgz",
      "integrity": "sha1-zgXPSeVMMneuVzA2omhRukMKAJE="
    },
    "content-disposition": {
      "version": "0.5.2",
      "resolved": "http://registry.npm.taobao.org/content-disposition/download/content-disposition-0.5.2.tgz",
      "integrity": "sha1-DPaLud318r55YcOoUXjLhdunjLQ="
    },
    "content-type": {
      "version": "1.0.4",
      "resolved": "http://registry.npm.taobao.org/content-type/download/content-type-1.0.4.tgz",
      "integrity": "sha1-4TjMdeBAxyexlm/l5fjJruJW/js="
    },
    "cookie": {
      "version": "0.3.1",
      "resolved": "http://registry.npm.taobao.org/cookie/download/cookie-0.3.1.tgz",
      "integrity": "sha1-5+Ch+e9DtMi6klxcWpboBtFoc7s="
    },
    "cookie-signature": {
      "version": "1.0.6",
      "resolved": "http://registry.npm.taobao.org/cookie-signature/download/cookie-signature-1.0.6.tgz",
      "integrity": "sha1-4wOogrNCzD7oylE6eZmXNNqzriw="
    },
    "debug": {
      "version": "2.6.9",
      "resolved": "http://registry.npm.taobao.org/debug/download/debug-2.6.9.tgz",
      "integrity": "sha1-XRKFFd8TT/Mn6QpMk/Tgd6U2NB8=",
      "requires": {
        "ms": "2.0.0"
      }
    },
    "depd": {
      "version": "1.1.2",
      "resolved": "http://registry.npm.taobao.org/depd/download/depd-1.1.2.tgz",
      "integrity": "sha1-m81S4UwJd2PnSbJ0xDRu0uVgtak="
    },
    "destroy": {
      "version": "1.0.4",
      "resolved": "http://registry.npm.taobao.org/destroy/download/destroy-1.0.4.tgz",
      "integrity": "sha1-l4hXRCxEdJ5CBmE+N5RiBYJqvYA="
    },
    "ee-first": {
      "version": "1.1.1",
      "resolved": "http://registry.npm.taobao.org/ee-first/download/ee-first-1.1.1.tgz",
      "integrity": "sha1-WQxhFWsK4vTwJVcyoViyZrxWsh0="
    },
    "encodeurl": {
      "version": "1.0.2",
      "resolved": "http://registry.npm.taobao.org/encodeurl/download/encodeurl-1.0.2.tgz",
      "integrity": "sha1-rT/0yG7C0CkyL1oCw6mmBslbP1k="
    },
    "encoding": {
      "version": "0.1.12",
      "resolved": "http://registry.npm.taobao.org/encoding/download/encoding-0.1.12.tgz",
      "integrity": "sha1-U4tm8+5izRq1HsMjgp0flIDHS+s=",
      "requires": {
        "iconv-lite": "0.4.23"
      }
    },
    "escape-html": {
      "version": "1.0.3",
      "resolved": "http://registry.npm.taobao.org/escape-html/download/escape-html-1.0.3.tgz",
      "integrity": "sha1-Aljq5NPQwJdN4cFpGI7wBR0dGYg="
    },
    "etag": {
      "version": "1.8.1",
      "resolved": "http://registry.npm.taobao.org/etag/download/etag-1.8.1.tgz",
      "integrity": "sha1-Qa4u62XvpiJorr/qg6x9eSmbCIc="
    },
    "express": {
      "version": "4.16.3",
      "resolved": "http://registry.npm.taobao.org/express/download/express-4.16.3.tgz",
      "integrity": "sha1-avilAjUNsyRuzEvs9rWjTSL37VM=",
      "requires": {
        "accepts": "1.3.5",
        "array-flatten": "1.1.1",
        "body-parser": "1.18.2",
        "content-disposition": "0.5.2",
        "content-type": "1.0.4",
        "cookie": "0.3.1",
        "cookie-signature": "1.0.6",
        "debug": "2.6.9",
        "depd": "1.1.2",
        "encodeurl": "1.0.2",
        "escape-html": "1.0.3",
        "etag": "1.8.1",
        "finalhandler": "1.1.1",
        "fresh": "0.5.2",
        "merge-descriptors": "1.0.1",
        "methods": "1.1.2",
        "on-finished": "2.3.0",
        "parseurl": "1.3.2",
        "path-to-regexp": "0.1.7",
        "proxy-addr": "2.0.3",
        "qs": "6.5.1",
        "range-parser": "1.2.0",
        "safe-buffer": "5.1.1",
        "send": "0.16.2",
        "serve-static": "1.13.2",
        "setprototypeof": "1.1.0",
        "statuses": "1.4.0",
        "type-is": "1.6.16",
        "utils-merge": "1.0.1",
        "vary": "1.1.2"
      },
      "dependencies": {
        "http-errors": {
          "version": "1.6.3",
          "resolved": "http://registry.npm.taobao.org/http-errors/download/http-errors-1.6.3.tgz",
          "integrity": "sha1-i1VoC7S+KDoLW/TqLjhYC+HZMg0=",
          "requires": {
            "depd": "1.1.2",
            "inherits": "2.0.3",
            "setprototypeof": "1.1.0",
            "statuses": "1.4.0"
          }
        },
        "mime": {
          "version": "1.4.1",
          "resolved": "http://registry.npm.taobao.org/mime/download/mime-1.4.1.tgz",
          "integrity": "sha1-Eh+evEnjdm8xGnbh+hyAA8SwOqY="
        },
        "path-to-regexp": {
          "version": "0.1.7",
          "resolved": "http://registry.npm.taobao.org/path-to-regexp/download/path-to-regexp-0.1.7.tgz",
          "integrity": "sha1-32BBeABfUi8V60SQ5yR6G/qmf4w="
        },
        "qs": {
          "version": "6.5.1",
          "resolved": "http://registry.npm.taobao.org/qs/download/qs-6.5.1.tgz",
          "integrity": "sha1-NJzfbu+J7EXBLX1es/wMhwNDptg="
        },
        "safe-buffer": {
          "version": "5.1.1",
          "resolved": "http://registry.npm.taobao.org/safe-buffer/download/safe-buffer-5.1.1.tgz",
          "integrity": "sha1-iTMSr2myEj3vcfV4iQAWce6yyFM="
        },
        "send": {
          "version": "0.16.2",
          "resolved": "http://registry.npm.taobao.org/send/download/send-0.16.2.tgz",
          "integrity": "sha1-bsyh4PjBVtFBWXVZhI32RzCmu8E=",
          "requires": {
            "debug": "2.6.9",
            "depd": "1.1.2",
            "destroy": "1.0.4",
            "encodeurl": "1.0.2",
            "escape-html": "1.0.3",
            "etag": "1.8.1",
            "fresh": "0.5.2",
            "http-errors": "1.6.3",
            "mime": "1.4.1",
            "ms": "2.0.0",
            "on-finished": "2.3.0",
            "range-parser": "1.2.0",
            "statuses": "1.4.0"
          }
        },
        "statuses": {
          "version": "1.4.0",
          "resolved": "http://registry.npm.taobao.org/statuses/download/statuses-1.4.0.tgz",
          "integrity": "sha1-u3PURtonlhBu/MG2AaJT1sRr0Ic="
        }
      }
    },
    "extend": {
      "version": "3.0.1",
      "resolved": "http://registry.npm.taobao.org/extend/download/extend-3.0.1.tgz",
      "integrity": "sha1-p1Xqe8Gt/MWjHOfnYtuq3F5jZEQ="
    },
    "fbjs": {
      "version": "0.8.16",
      "resolved": "http://registry.npm.taobao.org/fbjs/download/fbjs-0.8.16.tgz",
      "integrity": "sha1-XmdDL1UNxBtXK/VYR7ispk5TN9s=",
      "requires": {
        "core-js": "1.2.7",
        "isomorphic-fetch": "2.2.1",
        "loose-envify": "1.3.1",
        "object-assign": "4.1.1",
        "promise": "7.3.1",
        "setimmediate": "1.0.5",
        "ua-parser-js": "0.7.18"
      },
      "dependencies": {
        "core-js": {
          "version": "1.2.7",
          "resolved": "http://registry.npm.taobao.org/core-js/download/core-js-1.2.7.tgz",
          "integrity": "sha1-ZSKUwUZR2yj6k70tX/KYOk8IxjY="
        }
      }
    },
    "finalhandler": {
      "version": "1.1.1",
      "resolved": "http://registry.npm.taobao.org/finalhandler/download/finalhandler-1.1.1.tgz",
      "integrity": "sha1-7r9O2EAHnIP0JJA4ydcDAIMBsQU=",
      "requires": {
        "debug": "2.6.9",
        "encodeurl": "1.0.2",
        "escape-html": "1.0.3",
        "on-finished": "2.3.0",
        "parseurl": "1.3.2",
        "statuses": "1.4.0",
        "unpipe": "1.0.0"
      },
      "dependencies": {
        "statuses": {
          "version": "1.4.0",
          "resolved": "http://registry.npm.taobao.org/statuses/download/statuses-1.4.0.tgz",
          "integrity": "sha1-u3PURtonlhBu/MG2AaJT1sRr0Ic="
        }
      }
    },
    "forwarded": {
      "version": "0.1.2",
      "resolved": "http://registry.npm.taobao.org/forwarded/download/forwarded-0.1.2.tgz",
      "integrity": "sha1-mMI9qxF1ZXuMBXPozszZGw/xjIQ="
    },
    "fresh": {
      "version": "0.5.2",
      "resolved": "http://registry.npm.taobao.org/fresh/download/fresh-0.5.2.tgz",
      "integrity": "sha1-PYyt2Q2XZWn6g1qx+OSyOhBWBac="
    },
    "iconv-lite": {
      "version": "0.4.23",
      "resolved": "http://registry.npm.taobao.org/iconv-lite/download/iconv-lite-0.4.23.tgz",
      "integrity": "sha1-KXhx9jvlB63Pv8pxXQzQ7thOmmM=",
      "requires": {
        "safer-buffer": "2.1.2"
      }
    },
    "inherits": {
      "version": "2.0.3",
      "resolved": "http://registry.npm.taobao.org/inherits/download/inherits-2.0.3.tgz",
      "integrity": "sha1-Yzwsg+PaQqUC9SRmAiSA9CCCYd4="
    },
    "ipaddr.js": {
      "version": "1.6.0",
      "resolved": "http://registry.npm.taobao.org/ipaddr.js/download/ipaddr.js-1.6.0.tgz",
      "integrity": "sha1-4/o1e3c9phnybpXwSdBVxyeW+Gs="
    },
    "is-alphabetical": {
      "version": "1.0.2",
      "resolved": "http://registry.npm.taobao.org/is-alphabetical/download/is-alphabetical-1.0.2.tgz",
      "integrity": "sha1-H6bkkhPLeIW3XRWGL7Pz2WyIT0E="
    },
    "is-alphanumerical": {
      "version": "1.0.2",
      "resolved": "http://registry.npm.taobao.org/is-alphanumerical/download/is-alphanumerical-1.0.2.tgz",
      "integrity": "sha1-ETjprlBAFY3G/3a4IKzWt6GB/UA=",
      "requires": {
        "is-alphabetical": "1.0.2",
        "is-decimal": "1.0.2"
      }
    },
    "is-buffer": {
      "version": "1.1.6",
      "resolved": "http://registry.npm.taobao.org/is-buffer/download/is-buffer-1.1.6.tgz",
      "integrity": "sha1-76ouqdqg16suoTqXsritUf776L4="
    },
    "is-decimal": {
      "version": "1.0.2",
      "resolved": "http://registry.npm.taobao.org/is-decimal/download/is-decimal-1.0.2.tgz",
      "integrity": "sha1-iUZi1qhwnTB/OidspDOcj6Xf8P8="
    },
    "is-hexadecimal": {
      "version": "1.0.2",
      "resolved": "http://registry.npm.taobao.org/is-hexadecimal/download/is-hexadecimal-1.0.2.tgz",
      "integrity": "sha1-tucQ19B7tmuYy4zs5cm0kh3uuDU="
    },
    "is-plain-obj": {
      "version": "1.1.0",
      "resolved": "http://registry.npm.taobao.org/is-plain-obj/download/is-plain-obj-1.1.0.tgz",
      "integrity": "sha1-caUMhCnfync8kqOQpKA7OfzVHT4="
    },
    "is-stream": {
      "version": "1.1.0",
      "resolved": "http://registry.npm.taobao.org/is-stream/download/is-stream-1.1.0.tgz",
      "integrity": "sha1-EtSj3U5o4Lec6428hBc66A2RykQ="
    },
    "is-whitespace-character": {
      "version": "1.0.2",
      "resolved": "http://registry.npm.taobao.org/is-whitespace-character/download/is-whitespace-character-1.0.2.tgz",
      "integrity": "sha1-7eU7TG9vs4dFM3UeySgNAZKNA+0="
    },
    "is-word-character": {
      "version": "1.0.2",
      "resolved": "http://registry.npm.taobao.org/is-word-character/download/is-word-character-1.0.2.tgz",
      "integrity": "sha1-RqXaw/KhhAiYuR5XbNQNST865VM="
    },
    "isomorphic-fetch": {
      "version": "2.2.1",
      "resolved": "http://registry.npm.taobao.org/isomorphic-fetch/download/isomorphic-fetch-2.2.1.tgz",
      "integrity": "sha1-YRrhrPFPXoH3KVB0coGf6XM1WKk=",
      "requires": {
        "node-fetch": "1.7.3",
        "whatwg-fetch": "2.0.4"
      }
    },
    "isomorphic-unfetch": {
      "version": "2.0.0",
      "resolved": "http://registry.npm.taobao.org/isomorphic-unfetch/download/isomorphic-unfetch-2.0.0.tgz",
      "integrity": "sha1-9QFApMFj11grXzfxWRloxPgJpkU=",
      "requires": {
        "node-fetch": "1.7.3",
        "unfetch": "3.0.0"
      }
    },
    "js-tokens": {
      "version": "3.0.2",
      "resolved": "http://registry.npm.taobao.org/js-tokens/download/js-tokens-3.0.2.tgz",
      "integrity": "sha1-mGbfOVECEw449/mWvOtlRDIJwls="
    },
    "loose-envify": {
      "version": "1.3.1",
      "resolved": "http://registry.npm.taobao.org/loose-envify/download/loose-envify-1.3.1.tgz",
      "integrity": "sha1-0aitM/qc4OcT1l/dCsi3SNR4yEg=",
      "requires": {
        "js-tokens": "3.0.2"
      }
    },
    "markdown-escapes": {
      "version": "1.0.2",
      "resolved": "http://registry.npm.taobao.org/markdown-escapes/download/markdown-escapes-1.0.2.tgz",
      "integrity": "sha1-5jnL3nuZyEHAusyKB5goc7RtISI="
    },
    "media-typer": {
      "version": "0.3.0",
      "resolved": "http://registry.npm.taobao.org/media-typer/download/media-typer-0.3.0.tgz",
      "integrity": "sha1-hxDXrwqmJvj/+hzgAWhUUmMlV0g="
    },
    "merge-descriptors": {
      "version": "1.0.1",
      "resolved": "http://registry.npm.taobao.org/merge-descriptors/download/merge-descriptors-1.0.1.tgz",
      "integrity": "sha1-sAqqVW3YtEVoFQ7J0blT8/kMu2E="
    },
    "methods": {
      "version": "1.1.2",
      "resolved": "http://registry.npm.taobao.org/methods/download/methods-1.1.2.tgz",
      "integrity": "sha1-VSmk1nZUE07cxSZmVoNbD4Ua/O4="
    },
    "mime-db": {
      "version": "1.33.0",
      "resolved": "http://registry.npm.taobao.org/mime-db/download/mime-db-1.33.0.tgz",
      "integrity": "sha1-o0kgUKXLm2NFBUHjnZeI0icng9s="
    },
    "mime-types": {
      "version": "2.1.18",
      "resolved": "http://registry.npm.taobao.org/mime-types/download/mime-types-2.1.18.tgz",
      "integrity": "sha1-bzI/YKg9ERRvgx/xH9ZuL+VQO7g=",
      "requires": {
        "mime-db": "1.33.0"
      }
    },
    "ms": {
      "version": "2.0.0",
      "resolved": "http://registry.npm.taobao.org/ms/download/ms-2.0.0.tgz",
      "integrity": "sha1-VgiurfwAvmwpAd9fmGF4jeDVl8g="
    },
    "nanoid": {
      "version": "3.3.3",
      "resolved": "https://registry.npmjs.org/nanoid/-/nanoid-3.3.3.tgz",
      "integrity": "sha512-p1sjXuopFs0xg+fPASzQ28agW1oHD7xDsd9Xkf3T15H3c/cifrFHVwrh74PdoklAPi+i7MdRsE47vm2r6JoB+w=="
    },
    "negotiator": {
      "version": "0.6.1",
      "resolved": "http://registry.npm.taobao.org/negotiator/download/negotiator-0.6.1.tgz",
      "integrity": "sha1-KzJxhOiZIQEXeyhWP7XnECrNDKk="
    },
    "next": {
      "version": "12.1.0",
      "resolved": "https://registry.npmjs.org/next/-/next-12.1.0.tgz",
      "integrity": "sha512-s885kWvnIlxsUFHq9UGyIyLiuD0G3BUC/xrH0CEnH5lHEWkwQcHOORgbDF0hbrW9vr/7am4ETfX4A7M6DjrE7Q==",
      "requires": {
        "@next/env": "12.1.0",
        "@next/swc-android-arm64": "12.1.0",
        "@next/swc-darwin-arm64": "12.1.0",
        "@next/swc-darwin-x64": "12.1.0",
        "@next/swc-linux-arm-gnueabihf": "12.1.0",
        "@next/swc-linux-arm64-gnu": "12.1.0",
        "@next/swc-linux-arm64-musl": "12.1.0",
        "@next/swc-linux-x64-gnu": "12.1.0",
        "@next/swc-linux-x64-musl": "12.1.0",
        "@next/swc-win32-arm64-msvc": "12.1.0",
        "@next/swc-win32-ia32-msvc": "12.1.0",
        "@next/swc-win32-x64-msvc": "12.1.0",
        "caniuse-lite": "^1.0.30001283",
        "postcss": "8.4.5",
        "styled-jsx": "5.0.0",
        "use-subscription": "1.5.1"
      }
    },
    "node-fetch": {
      "version": "1.7.3",
      "resolved": "http://registry.npm.taobao.org/node-fetch/download/node-fetch-1.7.3.tgz",
      "integrity": "sha1-mA9vcthSEaU0fGsrwYxbhMPrR+8=",
      "requires": {
        "encoding": "0.1.12",
        "is-stream": "1.1.0"
      }
    },
    "object-assign": {
      "version": "4.1.1",
      "resolved": "http://registry.npm.taobao.org/object-assign/download/object-assign-4.1.1.tgz",
      "integrity": "sha1-IQmtx5ZYh8/AXLvUQsrIv7s2CGM="
    },
    "on-finished": {
      "version": "2.3.0",
      "resolved": "http://registry.npm.taobao.org/on-finished/download/on-finished-2.3.0.tgz",
      "integrity": "sha1-IPEzZIGwg811M3mSoWlxqi2QaUc=",
      "requires": {
        "ee-first": "1.1.1"
      }
    },
    "parse-entities": {
      "version": "1.1.2",
      "resolved": "http://registry.npm.taobao.org/parse-entities/download/parse-entities-1.1.2.tgz",
      "integrity": "sha1-nq9xmyncO9YiRrQzIAkHLgFSd3c=",
      "requires": {
        "character-entities": "1.2.2",
        "character-entities-legacy": "1.1.2",
        "character-reference-invalid": "1.1.2",
        "is-alphanumerical": "1.0.2",
        "is-decimal": "1.0.2",
        "is-hexadecimal": "1.0.2"
      }
    },
    "parseurl": {
      "version": "1.3.2",
      "resolved": "http://registry.npm.taobao.org/parseurl/download/parseurl-1.3.2.tgz",
      "integrity": "sha1-/CidTtiZMRlGDBViUyYs3I3mW/M="
    },
    "picocolors": {
      "version": "1.0.0",
      "resolved": "https://registry.npmjs.org/picocolors/-/picocolors-1.0.0.tgz",
      "integrity": "sha512-1fygroTLlHu66zi26VoTDv8yRgm0Fccecssto+MhsZ0D/DGW2sm8E8AjW7NU5VVTRt5GxbeZ5qBuJr+HyLYkjQ=="
    },
    "postcss": {
      "version": "8.4.5",
      "resolved": "https://registry.npmjs.org/postcss/-/postcss-8.4.5.tgz",
      "integrity": "sha512-jBDboWM8qpaqwkMwItqTQTiFikhs/67OYVvblFFTM7MrZjt6yMKd6r2kgXizEbTTljacm4NldIlZnhbjr84QYg==",
      "requires": {
        "nanoid": "^3.1.30",
        "picocolors": "^1.0.0",
        "source-map-js": "^1.0.1"
      }
    },
    "promise": {
      "version": "7.3.1",
      "resolved": "http://registry.npm.taobao.org/promise/download/promise-7.3.1.tgz",
      "integrity": "sha1-BktyYCsY+Q8pGSuLG8QY/9Hr078=",
      "requires": {
        "asap": "2.0.6"
      }
    },
    "prop-types": {
      "version": "15.6.0",
      "resolved": "http://registry.npm.taobao.org/prop-types/download/prop-types-15.6.0.tgz",
      "integrity": "sha1-zq8IMCL8RrSjX2nhPvda7Q1jmFY=",
      "requires": {
        "fbjs": "0.8.16",
        "loose-envify": "1.3.1",
        "object-assign": "4.1.1"
      }
    },
    "proxy-addr": {
      "version": "2.0.3",
      "resolved": "http://registry.npm.taobao.org/proxy-addr/download/proxy-addr-2.0.3.tgz",
      "integrity": "sha1-NV8mJQWmIWRrMTCnKOtkfiIFU0E=",
      "requires": {
        "forwarded": "0.1.2",
        "ipaddr.js": "1.6.0"
      }
    },
    "range-parser": {
      "version": "1.2.0",
      "resolved": "http://registry.npm.taobao.org/range-parser/download/range-parser-1.2.0.tgz",
      "integrity": "sha1-9JvmtIeJTdxA3MlKMi9hEJLgDV4="
    },
    "raw-body": {
      "version": "2.3.2",
      "resolved": "http://registry.npm.taobao.org/raw-body/download/raw-body-2.3.2.tgz",
      "integrity": "sha1-vNYMd9Prk83gBQKVw/N5OJvIj4k=",
      "requires": {
        "bytes": "3.0.0",
        "http-errors": "1.6.2",
        "iconv-lite": "0.4.19",
        "unpipe": "1.0.0"
      },
      "dependencies": {
        "depd": {
          "version": "1.1.1",
          "resolved": "http://registry.npm.taobao.org/depd/download/depd-1.1.1.tgz",
          "integrity": "sha1-V4O04cRZ8G+lyif5kfPQbnoxA1k="
        },
        "http-errors": {
          "version": "1.6.2",
          "resolved": "http://registry.npm.taobao.org/http-errors/download/http-errors-1.6.2.tgz",
          "integrity": "sha1-CgAsyFcHGSp+eUbO7cERVfYOxzY=",
          "requires": {
            "depd": "1.1.1",
            "inherits": "2.0.3",
            "setprototypeof": "1.0.3",
            "statuses": "1.5.0"
          }
        },
        "iconv-lite": {
          "version": "0.4.19",
          "resolved": "http://registry.npm.taobao.org/iconv-lite/download/iconv-lite-0.4.19.tgz",
          "integrity": "sha1-90aPYBNfXl2tM5nAqBvpoWA6CCs="
        },
        "setprototypeof": {
          "version": "1.0.3",
          "resolved": "http://registry.npm.taobao.org/setprototypeof/download/setprototypeof-1.0.3.tgz",
          "integrity": "sha1-ZlZ+NwQ+608E2RvWWMDL77VbjgQ="
        }
      }
    },
    "react": {
      "version": "16.4.0",
      "resolved": "http://registry.npm.taobao.org/react/download/react-16.4.0.tgz",
      "integrity": "sha1-QCwtuDM1M2+6GWLAi5jGJyYX1YU=",
      "requires": {
        "fbjs": "0.8.16",
        "loose-envify": "1.3.1",
        "object-assign": "4.1.1",
        "prop-types": "15.6.0"
      }
    },
    "react-dom": {
      "version": "16.4.0",
      "resolved": "http://registry.npm.taobao.org/react-dom/download/react-dom-16.4.0.tgz",
      "integrity": "sha1-CZ8GfdWCfONqKer5ps3Hy/Yhax4=",
      "requires": {
        "fbjs": "0.8.16",
        "loose-envify": "1.3.1",
        "object-assign": "4.1.1",
        "prop-types": "15.6.0"
      }
    },
    "react-markdown": {
      "version": "3.3.3",
      "resolved": "http://registry.npm.taobao.org/react-markdown/download/react-markdown-3.3.3.tgz",
      "integrity": "sha1-HlfmPp9Oh9KRmlHXeBW4A/S3tdY=",
      "requires": {
        "prop-types": "15.6.1",
        "remark-parse": "5.0.0",
        "unified": "6.2.0",
        "unist-util-visit": "1.3.1",
        "xtend": "4.0.1"
      },
      "dependencies": {
        "prop-types": {
          "version": "15.6.1",
          "resolved": "http://registry.npm.taobao.org/prop-types/download/prop-types-15.6.1.tgz",
          "integrity": "sha1-NmREU1ZCVd3aORGR+zoSXL32VMo=",
          "requires": {
            "fbjs": "0.8.16",
            "loose-envify": "1.3.1",
            "object-assign": "4.1.1"
          }
        }
      }
    },
    "remark-parse": {
      "version": "5.0.0",
      "resolved": "http://registry.npm.taobao.org/remark-parse/download/remark-parse-5.0.0.tgz",
      "integrity": "sha1-TAd/nkmQRNHVwT+A16mM97koXZU=",
      "requires": {
        "collapse-white-space": "1.0.4",
        "is-alphabetical": "1.0.2",
        "is-decimal": "1.0.2",
        "is-whitespace-character": "1.0.2",
        "is-word-character": "1.0.2",
        "markdown-escapes": "1.0.2",
        "parse-entities": "1.1.2",
        "repeat-string": "1.6.1",
        "state-toggle": "1.0.1",
        "trim": "0.0.1",
        "trim-trailing-lines": "1.1.1",
        "unherit": "1.1.1",
        "unist-util-remove-position": "1.1.2",
        "vfile-location": "2.0.3",
        "xtend": "4.0.1"
      }
    },
    "repeat-string": {
      "version": "1.6.1",
      "resolved": "http://registry.npm.taobao.org/repeat-string/download/repeat-string-1.6.1.tgz",
      "integrity": "sha1-jcrkcOHIirwtYA//Sndihtp15jc="
    },
    "replace-ext": {
      "version": "1.0.0",
      "resolved": "http://registry.npm.taobao.org/replace-ext/download/replace-ext-1.0.0.tgz",
      "integrity": "sha1-3mMSg3P8v3w8z6TeWkgMRaZ5WOs="
    },
    "safer-buffer": {
      "version": "2.1.2",
      "resolved": "http://registry.npm.taobao.org/safer-buffer/download/safer-buffer-2.1.2.tgz",
      "integrity": "sha1-RPoWGwGHuVSd2Eu5GAL5vYOFzWo="
    },
    "serve-static": {
      "version": "1.13.2",
      "resolved": "http://registry.npm.taobao.org/serve-static/download/serve-static-1.13.2.tgz",
      "integrity": "sha1-CV6Ecv1bRiN9tQzkhqQ/S4bGzsE=",
      "requires": {
        "encodeurl": "1.0.2",
        "escape-html": "1.0.3",
        "parseurl": "1.3.2",
        "send": "0.16.2"
      },
      "dependencies": {
        "http-errors": {
          "version": "1.6.3",
          "resolved": "http://registry.npm.taobao.org/http-errors/download/http-errors-1.6.3.tgz",
          "integrity": "sha1-i1VoC7S+KDoLW/TqLjhYC+HZMg0=",
          "requires": {
            "depd": "1.1.2",
            "inherits": "2.0.3",
            "setprototypeof": "1.1.0",
            "statuses": "1.4.0"
          }
        },
        "mime": {
          "version": "1.4.1",
          "resolved": "http://registry.npm.taobao.org/mime/download/mime-1.4.1.tgz",
          "integrity": "sha1-Eh+evEnjdm8xGnbh+hyAA8SwOqY="
        },
        "send": {
          "version": "0.16.2",
          "resolved": "http://registry.npm.taobao.org/send/download/send-0.16.2.tgz",
          "integrity": "sha1-bsyh4PjBVtFBWXVZhI32RzCmu8E=",
          "requires": {
            "debug": "2.6.9",
            "depd": "1.1.2",
            "destroy": "1.0.4",
            "encodeurl": "1.0.2",
            "escape-html": "1.0.3",
            "etag": "1.8.1",
            "fresh": "0.5.2",
            "http-errors": "1.6.3",
            "mime": "1.4.1",
            "ms": "2.0.0",
            "on-finished": "2.3.0",
            "range-parser": "1.2.0",
            "statuses": "1.4.0"
          }
        },
        "statuses": {
          "version": "1.4.0",
          "resolved": "http://registry.npm.taobao.org/statuses/download/statuses-1.4.0.tgz",
          "integrity": "sha1-u3PURtonlhBu/MG2AaJT1sRr0Ic="
        }
      }
    },
    "setimmediate": {
      "version": "1.0.5",
      "resolved": "http://registry.npm.taobao.org/setimmediate/download/setimmediate-1.0.5.tgz",
      "integrity": "sha1-KQy7Iy4waULX1+qbg3Mqt4VvgoU="
    },
    "setprototypeof": {
      "version": "1.1.0",
      "resolved": "http://registry.npm.taobao.org/setprototypeof/download/setprototypeof-1.1.0.tgz",
      "integrity": "sha1-0L2FU2iHtv58DYGMuWLZ2RxU5lY="
    },
    "source-map-js": {
      "version": "1.0.2",
      "resolved": "https://registry.npmjs.org/source-map-js/-/source-map-js-1.0.2.tgz",
      "integrity": "sha512-R0XvVJ9WusLiqTCEiGCmICCMplcCkIwwR11mOSD9CR5u+IXYdiseeEuXCVAjS54zqwkLcPNnmU4OeJ6tUrWhDw=="
    },
    "state-toggle": {
      "version": "1.0.1",
      "resolved": "http://registry.npm.taobao.org/state-toggle/download/state-toggle-1.0.1.tgz",
      "integrity": "sha1-w8sJdPQKag+OkFuWeJ60Gvoc3jo="
    },
    "statuses": {
      "version": "1.5.0",
      "resolved": "http://registry.npm.taobao.org/statuses/download/statuses-1.5.0.tgz",
      "integrity": "sha1-Fhx9rBd2Wf2YEfQ3cfqZOBR4Yow="
    },
    "styled-jsx": {
      "version": "5.0.0",
      "resolved": "https://registry.npmjs.org/styled-jsx/-/styled-jsx-5.0.0.tgz",
      "integrity": "sha512-qUqsWoBquEdERe10EW8vLp3jT25s/ssG1/qX5gZ4wu15OZpmSMFI2v+fWlRhLfykA5rFtlJ1ME8A8pm/peV4WA=="
    },
    "trim": {
      "version": "0.0.1",
      "resolved": "http://registry.npm.taobao.org/trim/download/trim-0.0.1.tgz",
      "integrity": "sha1-WFhUf2spB1fulczMZm+1AITEYN0="
    },
    "trim-trailing-lines": {
      "version": "1.1.1",
      "resolved": "http://registry.npm.taobao.org/trim-trailing-lines/download/trim-trailing-lines-1.1.1.tgz",
      "integrity": "sha1-4OwIEP08PxcwUWtF9JCDyq8ndNk="
    },
    "trough": {
      "version": "1.0.2",
      "resolved": "http://registry.npm.taobao.org/trough/download/trough-1.0.2.tgz",
      "integrity": "sha1-fxZj7FXEgBOeLeXkhsau9swkpTU="
    },
    "type-is": {
      "version": "1.6.16",
      "resolved": "http://registry.npm.taobao.org/type-is/download/type-is-1.6.16.tgz",
      "integrity": "sha1-+JzjQVQcZysl7nrjxz3uOyvlAZQ=",
      "requires": {
        "media-typer": "0.3.0",
        "mime-types": "2.1.18"
      }
    },
    "ua-parser-js": {
      "version": "0.7.18",
      "resolved": "http://registry.npm.taobao.org/ua-parser-js/download/ua-parser-js-0.7.18.tgz",
      "integrity": "sha1-p7/ZL1bt+xFwg7aeMdKqiILUse0="
    },
    "unfetch": {
      "version": "3.0.0",
      "resolved": "http://registry.npm.taobao.org/unfetch/download/unfetch-3.0.0.tgz",
      "integrity": "sha1-jR4FE6Ts0OX/LUGmund3Gq6LZII="
    },
    "unherit": {
      "version": "1.1.1",
      "resolved": "http://registry.npm.taobao.org/unherit/download/unherit-1.1.1.tgz",
      "integrity": "sha1-EydI2j6I6rdn4I+r+7icXp0oYow=",
      "requires": {
        "inherits": "2.0.3",
        "xtend": "4.0.1"
      }
    },
    "unified": {
      "version": "6.2.0",
      "resolved": "http://registry.npm.taobao.org/unified/download/unified-6.2.0.tgz",
      "integrity": "sha1-f71jD3GRJtZ9QMZEt+P2FwNfbbo=",
      "requires": {
        "bail": "1.0.3",
        "extend": "3.0.1",
        "is-plain-obj": "1.1.0",
        "trough": "1.0.2",
        "vfile": "2.3.0",
        "x-is-string": "0.1.0"
      }
    },
    "unist-util-is": {
      "version": "2.1.2",
      "resolved": "http://registry.npm.taobao.org/unist-util-is/download/unist-util-is-2.1.2.tgz",
      "integrity": "sha1-EZP6jyv7u4IVBjPzqNLrmhwdVds="
    },
    "unist-util-remove-position": {
      "version": "1.1.2",
      "resolved": "http://registry.npm.taobao.org/unist-util-remove-position/download/unist-util-remove-position-1.1.2.tgz",
      "integrity": "sha1-hrXa0QTQu/vrHbX1yS81cFdcEss=",
      "requires": {
        "unist-util-visit": "1.3.1"
      }
    },
    "unist-util-stringify-position": {
      "version": "1.1.2",
      "resolved": "http://registry.npm.taobao.org/unist-util-stringify-position/download/unist-util-stringify-position-1.1.2.tgz",
      "integrity": "sha1-Pzf881EnncvKdICrWIm7ioMu4cY="
    },
    "unist-util-visit": {
      "version": "1.3.1",
      "resolved": "http://registry.npm.taobao.org/unist-util-visit/download/unist-util-visit-1.3.1.tgz",
      "integrity": "sha1-wBmskzemJIa+WFMbwn50ma59Vcc=",
      "requires": {
        "unist-util-is": "2.1.2"
      }
    },
    "unpipe": {
      "version": "1.0.0",
      "resolved": "http://registry.npm.taobao.org/unpipe/download/unpipe-1.0.0.tgz",
      "integrity": "sha1-sr9O6FFKrmFltIF4KdIbLvSZBOw="
    },
    "use-subscription": {
      "version": "1.5.1",
      "resolved": "https://registry.npmjs.org/use-subscription/-/use-subscription-1.5.1.tgz",
      "integrity": "sha512-Xv2a1P/yReAjAbhylMfFplFKj9GssgTwN7RlcTxBujFQcloStWNDQdc4g4NRWH9xS4i/FDk04vQBptAXoF3VcA==",
      "requires": {
        "object-assign": "^4.1.1"
      }
    },
    "utils-merge": {
      "version": "1.0.1",
      "resolved": "http://registry.npm.taobao.org/utils-merge/download/utils-merge-1.0.1.tgz",
      "integrity": "sha1-n5VxD1CiZ5R7LMwSR0HBAoQn5xM="
    },
    "vary": {
      "version": "1.1.2",
      "resolved": "http://registry.npm.taobao.org/vary/download/vary-1.1.2.tgz",
      "integrity": "sha1-IpnwLG3tMNSllhsLn3RSShj2NPw="
    },
    "vfile": {
      "version": "2.3.0",
      "resolved": "http://registry.npm.taobao.org/vfile/download/vfile-2.3.0.tgz",
      "integrity": "sha1-5i2OcrIOg8MkvGxnJ47ickiL+Eo=",
      "requires": {
        "is-buffer": "1.1.6",
        "replace-ext": "1.0.0",
        "unist-util-stringify-position": "1.1.2",
        "vfile-message": "1.0.1"
      }
    },
    "vfile-location": {
      "version": "2.0.3",
      "resolved": "http://registry.npm.taobao.org/vfile-location/download/vfile-location-2.0.3.tgz",
      "integrity": "sha1-CDuoDlCWjo1CC+Sd0eqamSEx33c="
    },
    "vfile-message": {
      "version": "1.0.1",
      "resolved": "http://registry.npm.taobao.org/vfile-message/download/vfile-message-1.0.1.tgz",
      "integrity": "sha1-UaLM2Ka5enmAuzTvueveljLpNnc=",
      "requires": {
        "unist-util-stringify-position": "1.1.2"
      }
    },
    "whatwg-fetch": {
      "version": "2.0.4",
      "resolved": "http://registry.npm.taobao.org/whatwg-fetch/download/whatwg-fetch-2.0.4.tgz",
      "integrity": "sha1-3eal3zFfnTmZGqF2IYU9cguFVm8="
    },
    "x-is-string": {
      "version": "0.1.0",
      "resolved": "http://registry.npm.taobao.org/x-is-string/download/x-is-string-0.1.0.tgz",
      "integrity": "sha1-R0tQhlrzpJqcRlfwWs0UVFj3fYI="
    },
    "xtend": {
      "version": "4.0.1",
      "resolved": "http://registry.npm.taobao.org/xtend/download/xtend-4.0.1.tgz",
      "integrity": "sha1-pcbVMr5lbiPbgg77lDofBJmNY68="
    }
  }
}
