{
  "name": "simulib-js-lab",
  "version": "0.1.0",
  "lockfileVersion": 3,
  "requires": true,
  "packages": {
    "": {
      "name": "simulib-js-lab",
      "version": "0.1.0",
      "dependencies": {
        "@simular/simulib-js": "3.4.0"
      },
      "engines": {
        "node": ">=20"
      }
    },
    "node_modules/@simular/simulib-js": {
      "version": "3.4.0",
      "resolved": "https://registry.npmmirror.com/@simular/simulib-js/-/simulib-js-3.4.0.tgz",
      "integrity": "sha512-pX9H3bmUgizFULlwkw93vI2bttD/GXP3I3RuJp+Hb9/1c7vpA4tnBAvYZcvdyWWzQaYsMjqLO7oZnu9pZ0Mkkw==",
      "hasInstallScript": true,
      "license": "MIT",
      "bin": {
        "simulib-init-claude": "bin/init-claude.mjs"
      },
      "engines": {
        "node": ">= 20"
      },
      "optionalDependencies": {
        "@simular/simulib-js-darwin-arm64": "3.4.0",
        "@simular/simulib-js-darwin-x64": "3.4.0",
        "@simular/simulib-js-linux-arm64-gnu": "3.4.0",
        "@simular/simulib-js-linux-x64-gnu": "3.4.0",
        "@simular/simulib-js-win32-arm64-msvc": "3.4.0",
        "@simular/simulib-js-win32-x64-msvc": "3.4.0"
      }
    },
    "node_modules/@simular/simulib-js-darwin-arm64": {
      "version": "3.4.0",
      "resolved": "https://registry.npmmirror.com/@simular/simulib-js-darwin-arm64/-/simulib-js-darwin-arm64-3.4.0.tgz",
      "integrity": "sha512-Jj8qVjF2EgNbqMSjLHLkRJYn7RNVtUt/Wvvmw9uilV98jE3pAczTl5zCvJYRS2yLOariWthQ1aYJVhhZVOAV5A==",
      "cpu": [
        "arm64"
      ],
      "license": "MIT",
      "optional": true,
      "os": [
        "darwin"
      ],
      "engines": {
        "node": ">= 20"
      }
    },
    "node_modules/@simular/simulib-js-darwin-x64": {
      "version": "3.4.0",
      "resolved": "https://registry.npmmirror.com/@simular/simulib-js-darwin-x64/-/simulib-js-darwin-x64-3.4.0.tgz",
      "integrity": "sha512-VPSnR+SELyFdu+t8BhAN5pGWj3QmidqxBLVNByO6VIN2M33oBOY6HoIsxn9NgKw2l52yYmghSaYPacVfIPRusQ==",
      "cpu": [
        "x64"
      ],
      "license": "MIT",
      "optional": true,
      "os": [
        "darwin"
      ],
      "engines": {
        "node": ">= 20"
      }
    },
    "node_modules/@simular/simulib-js-linux-arm64-gnu": {
      "version": "3.4.0",
      "resolved": "https://registry.npmmirror.com/@simular/simulib-js-linux-arm64-gnu/-/simulib-js-linux-arm64-gnu-3.4.0.tgz",
      "integrity": "sha512-f/nXVd3hWFyzd989LKVD9zu0s6hP/xuu/v2Fwj5zJYvDk905UE03FHgsE0hfBQz9nUNNoc3cCwirz7McklP3HQ==",
      "cpu": [
        "arm64"
      ],
      "license": "MIT",
      "optional": true,
      "os": [
        "linux"
      ],
      "engines": {
        "node": ">= 20"
      }
    },
    "node_modules/@simular/simulib-js-linux-x64-gnu": {
      "version": "3.4.0",
      "resolved": "https://registry.npmmirror.com/@simular/simulib-js-linux-x64-gnu/-/simulib-js-linux-x64-gnu-3.4.0.tgz",
      "integrity": "sha512-sc8SvzPtg0kBr14eiwFG7qF15vcx9k5hAF+haBX0rmIMBujUfVCfAonoq7wlMzxY9BfTOn6PeCw9h2m/ochNTA==",
      "cpu": [
        "x64"
      ],
      "license": "MIT",
      "optional": true,
      "os": [
        "linux"
      ],
      "engines": {
        "node": ">= 20"
      }
    },
    "node_modules/@simular/simulib-js-win32-arm64-msvc": {
      "version": "3.4.0",
      "resolved": "https://registry.npmmirror.com/@simular/simulib-js-win32-arm64-msvc/-/simulib-js-win32-arm64-msvc-3.4.0.tgz",
      "integrity": "sha512-7YlORy/XEa5tj/+yRaJBx3KpqKVqCvjZkm7wNRMGXo+LL4cNpi9kAYLQqRc3QstSEr4Z0ImVMumyUxqmxzW7Wg==",
      "cpu": [
        "arm64"
      ],
      "license": "MIT",
      "optional": true,
      "os": [
        "win32"
      ],
      "engines": {
        "node": ">= 20"
      }
    },
    "node_modules/@simular/simulib-js-win32-x64-msvc": {
      "version": "3.4.0",
      "resolved": "https://registry.npmmirror.com/@simular/simulib-js-win32-x64-msvc/-/simulib-js-win32-x64-msvc-3.4.0.tgz",
      "integrity": "sha512-ObypXP6/SAwcLjKf/0/q1yscP1LmA33B5Lmz8LOd0/CxrFwTTkfn7wcezFYTkjh4WSOmcH7ppRUCUDovn8OgSA==",
      "cpu": [
        "x64"
      ],
      "license": "MIT",
      "optional": true,
      "os": [
        "win32"
      ],
      "engines": {
        "node": ">= 20"
      }
    }
  }
}
